// !$*UTF8*$!
{
	archiveVersion = 1;
	classes = {
	};
	objectVersion = 50;
	objects = {

/* Begin PBXBuildFile section */
		AB1A935D238C302D00F38E04 /* GameViewController.swift in Sources */ = {isa = PBXBuildFile; fileRef = AB1A935C238C302D00F38E04 /* GameViewController.swift */; };
		AB1A935F238C303C00F38E04 /* ResultsViewController.swift in Sources */ = {isa = PBXBuildFile; fileRef = AB1A935E238C303C00F38E04 /* ResultsViewController.swift */; };
		AB1A9361238C4E7B00F38E04 /* GameOption.swift in Sources */ = {isa = PBXBuildFile; fileRef = AB1A9360238C4E7B00F38E04 /* GameOption.swift */; };
		AB965552238C2A2B00519C6C /* AppDelegate.swift in Sources */ = {isa = PBXBuildFile; fileRef = AB965551238C2A2B00519C6C /* AppDelegate.swift */; };
		AB965554238C2A2B00519C6C /* SceneDelegate.swift in Sources */ = {isa = PBXBuildFile; fileRef = AB965553238C2A2B00519C6C /* SceneDelegate.swift */; };
		AB965556238C2A2B00519C6C /* ViewController.swift in Sources */ = {isa = PBXBuildFile; fileRef = AB965555238C2A2B00519C6C /* ViewController.swift */; };
		AB965559238C2A2B00519C6C /* Main.storyboard in Resources */ = {isa = PBXBuildFile; fileRef = AB965557238C2A2B00519C6C /* Main.storyboard */; };
		AB96555B238C2A3000519C6C /* Assets.xcassets in Resources */ = {isa = PBXBuildFile; fileRef = AB96555A238C2A3000519C6C /* Assets.xcassets */; };
		AB96555E238C2A3000519C6C /* LaunchScreen.storyboard in Resources */ = {isa = PBXBuildFile; fileRef = AB96555C238C2A3000519C6C /* LaunchScreen.storyboard */; };
		AB965569238C2A3000519C6C /* RockPaperScissorsTests.swift in Sources */ = {isa = PBXBuildFile; fileRef = AB965568238C2A3000519C6C /* RockPaperScissorsTests.swift */; };
		AB965574238C2A3000519C6C /* RockPaperScissorsUITests.swift in Sources */ = {isa = PBXBuildFile; fileRef = AB965573238C2A3000519C6C /* RockPaperScissorsUITests.swift */; };
/* End PBXBuildFile section */

/* Begin PBXContainerItemProxy section */
		AB965565238C2A3000519C6C /* PBXContainerItemProxy */ = {
			isa = PBXContainerItemProxy;
			containerPortal = AB965546238C2A2B00519C6C /* Project object */;
			proxyType = 1;
			remoteGlobalIDString = AB96554D238C2A2B00519C6C;
			remoteInfo = RockPaperScissors;
		};
		AB965570238C2A3000519C6C /* PBXContainerItemProxy */ = {
			isa = PBXContainerItemProxy;
			containerPortal = AB965546238C2A2B00519C6C /* Project object */;
			proxyType = 1;
			remoteGlobalIDString = AB96554D238C2A2B00519C6C;
			remoteInfo = RockPaperScissors;
		};
/* End PBXContainerItemProxy section */

/* Begin PBXFileReference section */
		AB1A935C238C302D00F38E04 /* GameViewController.swift */ = {isa = PBXFileReference; lastKnownFileType = sourcecode.swift; path = GameViewController.swift; sourceTree = "<group>"; };
		AB1A935E238C303C00F38E04 /* ResultsViewController.swift */ = {isa = PBXFileReference; lastKnownFileType = sourcecode.swift; path = ResultsViewController.swift; sourceTree = "<group>"; };
		AB1A9360238C4E7B00F38E04 /* GameOption.swift */ = {isa = PBXFileReference; lastKnownFileType = sourcecode.swift; path = GameOption.swift; sourceTree = "<group>"; };
		AB96554E238C2A2B00519C6C /* RockPaperScissors.app */ = {isa = PBXFileReference; explicitFileType = wrapper.application; includeInIndex = 0; path = RockPaperScissors.app; sourceTree = BUILT_PRODUCTS_DIR; };
		AB965551238C2A2B00519C6C /* AppDelegate.swift */ = {isa = PBXFileReference; lastKnownFileType = sourcecode.swift; path = AppDelegate.swift; sourceTree = "<group>"; };
		AB965553238C2A2B00519C6C /* SceneDelegate.swift */ = {isa = PBXFileReference; lastKnownFileType = sourcecode.swift; path = SceneDelegate.swift; sourceTree = "<group>"; };
		AB965555238C2A2B00519C6C /* ViewController.swift */ = {isa = PBXFileReference; lastKnownFileType = sourcecode.swift; path = ViewController.swift; sourceTree = "<group>"; };
		AB965558238C2A2B00519C6C /* Base */ = {isa = PBXFileReference; lastKnownFileType = file.storyboard; name = Base; path = Base.lproj/Main.storyboard; sourceTree = "<group>"; };
		AB96555A238C2A3000519C6C /* Assets.xcassets */ = {isa = PBXFileReference; lastKnownFileType = folder.assetcatalog; path = Assets.xcassets; sourceTree = "<group>"; };
		AB96555D238C2A3000519C6C /* Base */ = {isa = PBXFileReference; lastKnownFileType = file.storyboard; name = Base; path = Base.lproj/LaunchScreen.storyboard; sourceTree = "<group>"; };
		AB96555F238C2A3000519C6C /* Info.plist */ = {isa = PBXFileReference; lastKnownFileType = text.plist.xml; path = Info.plist; sourceTree = "<group>"; };
		AB965564238C2A3000519C6C /* RockPaperScissorsTests.xctest */ = {isa = PBXFileReference; explicitFileType = wrapper.cfbundle; includeInIndex = 0; path = RockPaperScissorsTests.xctest; sourceTree = BUILT_PRODUCTS_DIR; };
		AB965568238C2A3000519C6C /* RockPaperScissorsTests.swift */ = {isa = PBXFileReference; lastKnownFileType = sourcecode.swift; path = RockPaperScissorsTests.swift; sourceTree = "<group>"; };
		AB96556A238C2A3000519C6C /* Info.plist */ = {isa = PBXFileReference; lastKnownFileType = text.plist.xml; path = Info.plist; sourceTree = "<group>"; };
		AB96556F238C2A3000519C6C /* RockPaperScissorsUITests.xctest */ = {isa = PBXFileReference; explicitFileType = wrapper.cfbundle; includeInIndex = 0; path = RockPaperScissorsUITests.xctest; sourceTree = BUILT_PRODUCTS_DIR; };
		AB965573238C2A3000519C6C /* RockPaperScissorsUITests.swift */ = {isa = PBXFileReference; lastKnownFileType = sourcecode.swift; path = RockPaperScissorsUITests.swift; sourceTree = "<group>"; };
		AB965575238C2A3000519C6C /* Info.plist */ = {isa = PBXFileReference; lastKnownFileType = text.plist.xml; path = Info.plist; sourceTree = "<group>"; };
/* End PBXFileReference section */

/* Begin PBXFrameworksBuildPhase section */
		AB96554B238C2A2B00519C6C /* Frameworks */ = {
			isa = PBXFrameworksBuildPhase;
			buildActionMask = 2147483647;
			files = (
			);
			runOnlyForDeploymentPostprocessing = 0;
		};
		AB965561238C2A3000519C6C /* Frameworks */ = {
			isa = PBXFrameworksBuildPhase;
			buildActionMask = 2147483647;
			files = (
			);
			runOnlyForDeploymentPostprocessing = 0;
		};
		AB96556C238C2A3000519C6C /* Frameworks */ = {
			isa = PBXFrameworksBuildPhase;
			buildActionMask = 2147483647;
			files = (
			);
			runOnlyForDeploymentPostprocessing = 0;
		};
/* End PBXFrameworksBuildPhase section */

/* Begin PBXGroup section */
		AB965545238C2A2B00519C6C = {
			isa = PBXGroup;
			children = (
				AB965550238C2A2B00519C6C /* RockPaperScissors */,
				AB965567238C2A3000519C6C /* RockPaperScissorsTests */,
				AB965572238C2A3000519C6C /* RockPaperScissorsUITests */,
				AB96554F238C2A2B00519C6C /* Products */,
			);
			sourceTree = "<group>";
		};
		AB96554F238C2A2B00519C6C /* Products */ = {
			isa = PBXGroup;
			children = (
				AB96554E238C2A2B00519C6C /* RockPaperScissors.app */,
				AB965564238C2A3000519C6C /* RockPaperScissorsTests.xctest */,
				AB96556F238C2A3000519C6C /* RockPaperScissorsUITests.xctest */,
			);
			name = Products;
			sourceTree = "<group>";
		};
		AB965550238C2A2B00519C6C /* RockPaperScissors */ = {
			isa = PBXGroup;
			children = (
				AB965551238C2A2B00519C6C /* AppDelegate.swift */,
				AB965553238C2A2B00519C6C /* SceneDelegate.swift */,
				AB965555238C2A2B00519C6C /* ViewController.swift */,
				AB1A935C238C302D00F38E04 /* GameViewController.swift */,
				AB1A935E238C303C00F38E04 /* ResultsViewController.swift */,
				AB1A9360238C4E7B00F38E04 /* GameOption.swift */,
				AB965557238C2A2B00519C6C /* Main.storyboard */,
				AB96555A238C2A3000519C6C /* Assets.xcassets */,
				AB96555C238C2A3000519C6C /* LaunchScreen.storyboard */,
				AB96555F238C2A3000519C6C /* Info.plist */,
			);
			path = RockPaperScissors;
			sourceTree = "<group>";
		};
		AB965567238C2A3000519C6C /* RockPaperScissorsTests */ = {
			isa = PBXGroup;
			children = (
				AB965568238C2A3000519C6C /* RockPaperScissorsTests.swift */,
				AB96556A238C2A3000519C6C /* Info.plist */,
			);
			path = RockPaperScissorsTests;
			sourceTree = "<group>";
		};
		AB965572238C2A3000519C6C /* RockPaperScissorsUITests */ = {
			isa = PBXGroup;
			children = (
				AB965573238C2A3000519C6C /* RockPaperScissorsUITests.swift */,
				AB965575238C2A3000519C6C /* Info.plist */,
			);
			path = RockPaperScissorsUITests;
			sourceTree = "<group>";
		};
/* End PBXGroup section */

/* Begin PBXNativeTarget section */
		AB96554D238C2A2B00519C6C /* RockPaperScissors */ = {
			isa = PBXNativeTarget;
			buildConfigurationList = AB965578238C2A3000519C6C /* Build configuration list for PBXNativeTarget "RockPaperScissors" */;
			buildPhases = (
				AB96554A238C2A2B00519C6C /* Sources */,
				AB96554B238C2A2B00519C6C /* Frameworks */,
				AB96554C238C2A2B00519C6C /* Resources */,
			);
			buildRules = (
			);
			dependencies = (
			);
			name = RockPaperScissors;
			productName = RockPaperScissors;
			productReference = AB96554E238C2A2B00519C6C /* RockPaperScissors.app */;
			productType = "com.apple.product-type.application";
		};
		AB965563238C2A3000519C6C /* RockPaperScissorsTests */ = {
			isa = PBXNativeTarget;
			buildConfigurationList = AB96557B238C2A3000519C6C /* Build configuration list for PBXNativeTarget "RockPaperScissorsTests" */;
			buildPhases = (
				AB965560238C2A3000519C6C /* Sources */,
				AB965561238C2A3000519C6C /* Frameworks */,
				AB965562238C2A3000519C6C /* Resources */,
			);
			buildRules = (
			);
			dependencies = (
				AB965566238C2A3000519C6C /* PBXTargetDependency */,
			);
			name = RockPaperScissorsTests;
			productName = RockPaperScissorsTests;
			productReference = AB965564238C2A3000519C6C /* RockPaperScissorsTests.xctest */;
			productType = "com.apple.product-type.bundle.unit-test";
		};
		AB96556E238C2A3000519C6C /* RockPaperScissorsUITests */ = {
			isa = PBXNativeTarget;
			buildConfigurationList = AB96557E238C2A3000519C6C /* Build configuration list for PBXNativeTarget "RockPaperScissorsUITests" */;
			buildPhases = (
				AB96556B238C2A3000519C6C /* Sources */,
				AB96556C238C2A3000519C6C /* Frameworks */,
				AB96556D238C2A3000519C6C /* Resources */,
			);
			buildRules = (
			);
			dependencies = (
				AB965571238C2A3000519C6C /* PBXTargetDependency */,
			);
			name = RockPaperScissorsUITests;
			productName = RockPaperScissorsUITests;
			productReference = AB96556F238C2A3000519C6C /* RockPaperScissorsUITests.xctest */;
			productType = "com.apple.product-type.bundle.ui-testing";
		};
/* End PBXNativeTarget section */

/* Begin PBXProject section */
		AB965546238C2A2B00519C6C /* Project object */ = {
			isa = PBXProject;
			attributes = {
				LastSwiftUpdateCheck = 1100;
				LastUpgradeCheck = 1100;
				ORGANIZATIONNAME = "Adriana González Martínez";
				TargetAttributes = {
					AB96554D238C2A2B00519C6C = {
						CreatedOnToolsVersion = 11.0;
					};
					AB965563238C2A3000519C6C = {
						CreatedOnToolsVersion = 11.0;
						TestTargetID = AB96554D238C2A2B00519C6C;
					};
					AB96556E238C2A3000519C6C = {
						CreatedOnToolsVersion = 11.0;
						TestTargetID = AB96554D238C2A2B00519C6C;
					};
				};
			};
			buildConfigurationList = AB965549238C2A2B00519C6C /* Build configuration list for PBXProject "RockPaperScissors" */;
			compatibilityVersion = "Xcode 9.3";
			developmentRegion = en;
			hasScannedForEncodings = 0;
			knownRegions = (
				en,
				Base,
			);
			mainGroup = AB965545238C2A2B00519C6C;
			productRefGroup = AB96554F238C2A2B00519C6C /* Products */;
			projectDirPath = "";
			projectRoot = "";
			targets = (
				AB96554D238C2A2B00519C6C /* RockPaperScissors */,
				AB965563238C2A3000519C6C /* RockPaperScissorsTests */,
				AB96556E238C2A3000519C6C /* RockPaperScissorsUITests */,
			);
		};
/* End PBXProject section */

/* Begin PBXResourcesBuildPhase section */
		AB96554C238C2A2B00519C6C /* Resources */ = {
			isa = PBXResourcesBuildPhase;
			buildActionMask = 2147483647;
			files = (
				AB96555E238C2A3000519C6C /* LaunchScreen.storyboard in Resources */,
				AB96555B238C2A3000519C6C /* Assets.xcassets in Resources */,
				AB965559238C2A2B00519C6C /* Main.storyboard in Resources */,
			);
			runOnlyForDeploymentPostprocessing = 0;
		};
		AB965562238C2A3000519C6C /* Resources */ = {
			isa = PBXResourcesBuildPhase;
			buildActionMask = 2147483647;
			files = (
			);
			runOnlyForDeploymentPostprocessing = 0;
		};
		AB96556D238C2A3000519C6C /* Resources */ = {
			isa = PBXResourcesBuildPhase;
			buildActionMask = 2147483647;
			files = (
			);
			runOnlyForDeploymentPostprocessing = 0;
		};
/* End PBXResourcesBuildPhase section */

/* Begin PBXSourcesBuildPhase section */
		AB96554A238C2A2B00519C6C /* Sources */ = {
			isa = PBXSourcesBuildPhase;
			buildActionMask = 2147483647;
			files = (
				AB1A9361238C4E7B00F38E04 /* GameOption.swift in Sources */,
				AB1A935D238C302D00F38E04 /* GameViewController.swift in Sources */,
				AB965556238C2A2B00519C6C /* ViewController.swift in Sources */,
				AB965552238C2A2B00519C6C /* AppDelegate.swift in Sources */,
				AB1A935F238C303C00F38E04 /* ResultsViewController.swift in Sources */,
				AB965554238C2A2B00519C6C /* SceneDelegate.swift in Sources */,
			);
			runOnlyForDeploymentPostprocessing = 0;
		};
		AB965560238C2A3000519C6C /* Sources */ = {
			isa = PBXSourcesBuildPhase;
			buildActionMask = 2147483647;
			files = (
				AB965569238C2A3000519C6C /* RockPaperScissorsTests.swift in Sources */,
			);
			runOnlyForDeploymentPostprocessing = 0;
		};
		AB96556B238C2A3000519C6C /* Sources */ = {
			isa = PBXSourcesBuildPhase;
			buildActionMask = 2147483647;
			files = (
				AB965574238C2A3000519C6C /* RockPaperScissorsUITests.swift in Sources */,
			);
			runOnlyForDeploymentPostprocessing = 0;
		};
/* End PBXSourcesBuildPhase section */

/* Begin PBXTargetDependency section */
		AB965566238C2A3000519C6C /* PBXTargetDependency */ = {
			isa = PBXTargetDependency;
			target = AB96554D238C2A2B00519C6C /* RockPaperScissors */;
			targetProxy = AB965565238C2A3000519C6C /* PBXContainerItemProxy */;
		};
		AB965571238C2A3000519C6C /* PBXTargetDependency */ = {
			isa = PBXTargetDependency;
			target = AB96554D238C2A2B00519C6C /* RockPaperScissors */;
			targetProxy = AB965570238C2A3000519C6C /* PBXContainerItemProxy */;
		};
/* End PBXTargetDependency section */

/* Begin PBXVariantGroup section */
		AB965557238C2A2B00519C6C /* Main.storyboard */ = {
			isa = PBXVariantGroup;
			children = (
				AB965558238C2A2B00519C6C /* Base */,
			);
			name = Main.storyboard;
			sourceTree = "<group>";
		};
		AB96555C238C2A3000519C6C /* LaunchScreen.storyboard */ = {
			isa = PBXVariantGroup;
			children = (
				AB96555D238C2A3000519C6C /* Base */,
			);
			name = LaunchScreen.storyboard;
			sourceTree = "<group>";
		};
/* End PBXVariantGroup section */

/* Begin XCBuildConfiguration section */
		AB965576238C2A3000519C6C /* Debug */ = {
			isa = XCBuildConfiguration;
			buildSettings = {
				ALWAYS_SEARCH_USER_PATHS = NO;
				CLANG_ANALYZER_NONNULL = YES;
				CLANG_ANALYZER_NUMBER_OBJECT_CONVERSION = YES_AGGRESSIVE;
				CLANG_CXX_LANGUAGE_STANDARD = "gnu++14";
				CLANG_CXX_LIBRARY = "libc++";
				CLANG_ENABLE_MODULES = YES;
				CLANG_ENABLE_OBJC_ARC = YES;
				CLANG_ENABLE_OBJC_WEAK = YES;
				CLANG_WARN_BLOCK_CAPTURE_AUTORELEASING = YES;
				CLANG_WARN_BOOL_CONVERSION = YES;
				CLANG_WARN_COMMA = YES;
				CLANG_WARN_CONSTANT_CONVERSION = YES;
				CLANG_WARN_DEPRECATED_OBJC_IMPLEMENTATIONS = YES;
				CLANG_WARN_DIRECT_OBJC_ISA_USAGE = YES_ERROR;
				CLANG_WARN_DOCUMENTATION_COMMENTS = YES;
				CLANG_WARN_EMPTY_BODY = YES;
				CLANG_WARN_ENUM_CONVERSION = YES;
				CLANG_WARN_INFINITE_RECURSION = YES;
				CLANG_WARN_INT_CONVERSION = YES;
				CLANG_WARN_NON_LITERAL_NULL_CONVERSION = YES;
				CLANG_WARN_OBJC_IMPLICIT_RETAIN_SELF = YES;
				CLANG_WARN_OBJC_LITERAL_CONVERSION = YES;
				CLANG_WARN_OBJC_ROOT_CLASS = YES_ERROR;
				CLANG_WARN_RANGE_LOOP_ANALYSIS = YES;
				CLANG_WARN_STRICT_PROTOTYPES = YES;
				CLANG_WARN_SUSPICIOUS_MOVE = YES;
				CLANG_WARN_UNGUARDED_AVAILABILITY = YES_AGGRESSIVE;
				CLANG_WARN_UNREACHABLE_CODE = YES;
				CLANG_WARN__DUPLICATE_METHOD_MATCH = YES;
				COPY_PHASE_STRIP = NO;
				DEBUG_INFORMATION_FORMAT = dwarf;
				ENABLE_STRICT_OBJC_MSGSEND = YES;
				ENABLE_TESTABILITY = YES;
				GCC_C_LANGUAGE_STANDARD = gnu11;
				GCC_DYNAMIC_NO_PIC = NO;
				GCC_NO_COMMON_BLOCKS = YES;
				GCC_OPTIMIZATION_LEVEL = 0;
				GCC_PREPROCESSOR_DEFINITIONS = (
					"DEBUG=1",
					"$(inherited)",
				);
				GCC_WARN_64_TO_32_BIT_CONVERSION = YES;
				GCC_WARN_ABOUT_RETURN_TYPE = YES_ERROR;
				GCC_WARN_UNDECLARED_SELECTOR = YES;
				GCC_WARN_UNINITIALIZED_AUTOS = YES_AGGRESSIVE;
				GCC_WARN_UNUSED_FUNCTION = YES;
				GCC_WARN_UNUSED_VARIABLE = YES;
				IPHONEOS_DEPLOYMENT_TARGET = 13.0;
				MTL_ENABLE_DEBUG_INFO = INCLUDE_SOURCE;
				MTL_FAST_MATH = YES;
				ONLY_ACTIVE_ARCH = YES;
				SDKROOT = iphoneos;
				SWIFT_ACTIVE_COMPILATION_CONDITIONS = DEBUG;
				SWIFT_OPTIMIZATION_LEVEL = "-Onone";
			};
			name = Debug;
		};
		AB965577238C2A3000519C6C /* Release */ = {
			isa = XCBuildConfiguration;
			buildSettings = {
				ALWAYS_SEARCH_USER_PATHS = NO;
				CLANG_ANALYZER_NONNULL = YES;
				CLANG_ANALYZER_NUMBER_OBJECT_CONVERSION = YES_AGGRESSIVE;
				CLANG_CXX_LANGUAGE_STANDARD = "gnu++14";
				CLANG_CXX_LIBRARY = "libc++";
				CLANG_ENABLE_MODULES = YES;
				CLANG_ENABLE_OBJC_ARC = YES;
				CLANG_ENABLE_OBJC_WEAK = YES;
				CLANG_WARN_BLOCK_CAPTURE_AUTORELEASING = YES;
				CLANG_WARN_BOOL_CONVERSION = YES;
				CLANG_WARN_COMMA = YES;
				CLANG_WARN_CONSTANT_CONVERSION = YES;
				CLANG_WARN_DEPRECATED_OBJC_IMPLEMENTATIONS = YES;
				CLANG_WARN_DIRECT_OBJC_ISA_USAGE = YES_ERROR;
				CLANG_WARN_DOCUMENTATION_COMMENTS = YES;
				CLANG_WARN_EMPTY_BODY = YES;
				CLANG_WARN_ENUM_CONVERSION = YES;
				CLANG_WARN_INFINITE_RECURSION = YES;
				CLANG_WARN_INT_CONVERSION = YES;
				CLANG_WARN_NON_LITERAL_NULL_CONVERSION = YES;
				CLANG_WARN_OBJC_IMPLICIT_RETAIN_SELF = YES;
				CLANG_WARN_OBJC_LITERAL_CONVERSION = YES;
				CLANG_WARN_OBJC_ROOT_CLASS = YES_ERROR;
				CLANG_WARN_RANGE_LOOP_ANALYSIS = YES;
				CLANG_WARN_STRICT_PROTOTYPES = YES;
				CLANG_WARN_SUSPICIOUS_MOVE = YES;
				CLANG_WARN_UNGUARDED_AVAILABILITY = YES_AGGRESSIVE;
				CLANG_WARN_UNREACHABLE_CODE = YES;
				CLANG_WARN__DUPLICATE_METHOD_MATCH = YES;
				COPY_PHASE_STRIP = NO;
				DEBUG_INFORMATION_FORMAT = "dwarf-with-dsym";
				ENABLE_NS_ASSERTIONS = NO;
				ENABLE_STRICT_OBJC_MSGSEND = YES;
				GCC_C_LANGUAGE_STANDARD = gnu11;
				GCC_NO_COMMON_BLOCKS = YES;
				GCC_WARN_64_TO_32_BIT_CONVERSION = YES;
				GCC_WARN_ABOUT_RETURN_TYPE = YES_ERROR;
				GCC_WARN_UNDECLARED_SELECTOR = YES;
				GCC_WARN_UNINITIALIZED_AUTOS = YES_AGGRESSIVE;
				GCC_WARN_UNUSED_FUNCTION = YES;
				GCC_WARN_UNUSED_VARIABLE = YES;
				IPHONEOS_DEPLOYMENT_TARGET = 13.0;
				MTL_ENABLE_DEBUG_INFO = NO;
				MTL_FAST_MATH = YES;
				SDKROOT = iphoneos;
				SWIFT_COMPILATION_MODE = wholemodule;
				SWIFT_OPTIMIZATION_LEVEL = "-O";
				VALIDATE_PRODUCT = YES;
			};
			name = Release;
		};
		AB965579238C2A3000519C6C /* Debug */ = {
			isa = XCBuildConfiguration;
			buildSettings = {
				ASSETCATALOG_COMPILER_APPICON_NAME = AppIcon;
				CODE_SIGN_STYLE = Automatic;
				DEVELOPMENT_TEAM = TZRX6AQ237;
				INFOPLIST_FILE = RockPaperScissors/Info.plist;
				LD_RUNPATH_SEARCH_PATHS = (
					"$(inherited)",
					"@executable_path/Frameworks",
				);
				PRODUCT_BUNDLE_IDENTIFIER = com.amgm.RockPaperScissors;
				PRODUCT_NAME = "$(TARGET_NAME)";
				SWIFT_VERSION = 5.0;
				TARGETED_DEVICE_FAMILY = "1,2";
			};
			name = Debug;
		};
		AB96557A238C2A3000519C6C /* Release */ = {
			isa = XCBuildConfiguration;
			buildSettings = {
				ASSETCATALOG_COMPILER_APPICON_NAME = AppIcon;
				CODE_SIGN_STYLE = Automatic;
				DEVELOPMENT_TEAM = TZRX6AQ237;
				INFOPLIST_FILE = RockPaperScissors/Info.plist;
				LD_RUNPATH_SEARCH_PATHS = (
					"$(inherited)",
					"@executable_path/Frameworks",
				);
				PRODUCT_BUNDLE_IDENTIFIER = com.amgm.RockPaperScissors;
				PRODUCT_NAME = "$(TARGET_NAME)";
				SWIFT_VERSION = 5.0;
				TARGETED_DEVICE_FAMILY = "1,2";
			};
			name = Release;
		};
		AB96557C238C2A3000519C6C /* Debug */ = {
			isa = XCBuildConfiguration;
			buildSettings = {
				ALWAYS_EMBED_SWIFT_STANDARD_LIBRARIES = YES;
				BUNDLE_LOADER = "$(TEST_HOST)";
				CODE_SIGN_STYLE = Automatic;
				DEVELOPMENT_TEAM = TZRX6AQ237;
				INFOPLIST_FILE = RockPaperScissorsTests/Info.plist;
				IPHONEOS_DEPLOYMENT_TARGET = 13.0;
				LD_RUNPATH_SEARCH_PATHS = (
					"$(inherited)",
					"@executable_path/Frameworks",
					"@loader_path/Frameworks",
				);
				PRODUCT_BUNDLE_IDENTIFIER = com.amgm.RockPaperScissorsTests;
				PRODUCT_NAME = "$(TARGET_NAME)";
				SWIFT_VERSION = 5.0;
				TARGETED_DEVICE_FAMILY = "1,2";
				TEST_HOST = "$(BUILT_PRODUCTS_DIR)/RockPaperScissors.app/RockPaperScissors";
			};
			name = Debug;
		};
		AB96557D238C2A3000519C6C /* Release */ = {
			isa = XCBuildConfiguration;
			buildSettings = {
				ALWAYS_EMBED_SWIFT_STANDARD_LIBRARIES = YES;
				BUNDLE_LOADER = "$(TEST_HOST)";
				CODE_SIGN_STYLE = Automatic;
				DEVELOPMENT_TEAM = TZRX6AQ237;
				INFOPLIST_FILE = RockPaperScissorsTests/Info.plist;
				IPHONEOS_DEPLOYMENT_TARGET = 13.0;
				LD_RUNPATH_SEARCH_PATHS = (
					"$(inherited)",
					"@executable_path/Frameworks",
					"@loader_path/Frameworks",
				);
				PRODUCT_BUNDLE_IDENTIFIER = com.amgm.RockPaperScissorsTests;
				PRODUCT_NAME = "$(TARGET_NAME)";
				SWIFT_VERSION = 5.0;
				TARGETED_DEVICE_FAMILY = "1,2";
				TEST_HOST = "$(BUILT_PRODUCTS_DIR)/RockPaperScissors.app/RockPaperScissors";
			};
			name = Release;
		};
		AB96557F238C2A3000519C6C /* Debug */ = {
			isa = XCBuildConfiguration;
			buildSettings = {
				ALWAYS_EMBED_SWIFT_STANDARD_LIBRARIES = YES;
				CODE_SIGN_STYLE = Automatic;
				DEVELOPMENT_TEAM = TZRX6AQ237;
				INFOPLIST_FILE = RockPaperScissorsUITests/Info.plist;
				LD_RUNPATH_SEARCH_PATHS = (
					"$(inherited)",
					"@executable_path/Frameworks",
					"@loader_path/Frameworks",
				);
				PRODUCT_BUNDLE_IDENTIFIER = com.amgm.RockPaperScissorsUITests;
				PRODUCT_NAME = "$(TARGET_NAME)";
				SWIFT_VERSION = 5.0;
				TARGETED_DEVICE_FAMILY = "1,2";
				TEST_TARGET_NAME = RockPaperScissors;
			};
			name = Debug;
		};
		AB965580238C2A3000519C6C /* Release */ = {
			isa = XCBuildConfiguration;
			buildSettings = {
				ALWAYS_EMBED_SWIFT_STANDARD_LIBRARIES = YES;
				CODE_SIGN_STYLE = Automatic;
				DEVELOPMENT_TEAM = TZRX6AQ237;
				INFOPLIST_FILE = RockPaperScissorsUITests/Info.plist;
				LD_RUNPATH_SEARCH_PATHS = (
					"$(inherited)",
					"@executable_path/Frameworks",
					"@loader_path/Frameworks",
				);
				PRODUCT_BUNDLE_IDENTIFIER = com.amgm.RockPaperScissorsUITests;
				PRODUCT_NAME = "$(TARGET_NAME)";
				SWIFT_VERSION = 5.0;
				TARGETED_DEVICE_FAMILY = "1,2";
				TEST_TARGET_NAME = RockPaperScissors;
			};
			name = Release;
		};
/* End XCBuildConfiguration section */

/* Begin XCConfigurationList section */
		AB965549238C2A2B00519C6C /* Build configuration list for PBXProject "RockPaperScissors" */ = {
			isa = XCConfigurationList;
			buildConfigurations = (
				AB965576238C2A3000519C6C /* Debug */,
				AB965577238C2A3000519C6C /* Release */,
			);
			defaultConfigurationIsVisible = 0;
			defaultConfigurationName = Release;
		};
		AB965578238C2A3000519C6C /* Build configuration list for PBXNativeTarget "RockPaperScissors" */ = {
			isa = XCConfigurationList;
			buildConfigurations = (
				AB965579238C2A3000519C6C /* Debug */,
				AB96557A238C2A3000519C6C /* Release */,
			);
			defaultConfigurationIsVisible = 0;
			defaultConfigurationName = Release;
		};
		AB96557B238C2A3000519C6C /* Build configuration list for PBXNativeTarget "RockPaperScissorsTests" */ = {
			isa = XCConfigurationList;
			buildConfigurations = (
				AB96557C238C2A3000519C6C /* Debug */,
				AB96557D238C2A3000519C6C /* Release */,
			);
			defaultConfigurationIsVisible = 0;
			defaultConfigurationName = Release;
		};
		AB96557E238C2A3000519C6C /* Build configuration list for PBXNativeTarget "RockPaperScissorsUITests" */ = {
			isa = XCConfigurationList;
			buildConfigurations = (
				AB96557F238C2A3000519C6C /* Debug */,
				AB965580238C2A3000519C6C /* Release */,
			);
			defaultConfigurationIsVisible = 0;
			defaultConfigurationName = Release;
		};
/* End XCConfigurationList section */
	};
	rootObject = AB965546238C2A2B00519C6C /* Project object */;
}
